
Microsoft Visual Studio Solution File, Format Version 12.00
# Visual Studio Version 17
VisualStudioVersion = 17.0.31903.59
MinimumVisualStudioVersion = 10.0.40219.1
Project("{2150E333-8FDC-42A3-9474-1A3956D46DE8}") = "BookingService", "BookingService", "{39CA6090-0726-414B-B456-96AF2E5E1511}"
EndProject
Project("{2150E333-8FDC-42A3-9474-1A3956D46DE8}") = "UserService", "UserService", "{3BE82585-C2FF-4581-AA0B-A6FBED2E34D9}"
EndProject
Project("{2150E333-8FDC-42A3-9474-1A3956D46DE8}") = "ResourceService", "ResourceService", "{2D3CC4B6-95F1-4132-B541-2D1289139FF1}"
EndProject
Project("{2150E333-8FDC-42A3-9474-1A3956D46DE8}") = "src", "src", "{A82A2D05-838B-4D28-9A0B-1C9231FB29F4}"
	ProjectSection(SolutionItems) = preProject
		docker-compose.yaml = docker-compose.yaml
	EndProjectSection
EndProject
Project("{2150E333-8FDC-42A3-9474-1A3956D46DE8}") = "libs", "libs", "{1766559F-81E3-4C7C-A42C-1ED46C006320}"
EndProject
Project("{2150E333-8FDC-42A3-9474-1A3956D46DE8}") = "AuthService", "AuthService", "{E97EC092-CFFC-415F-90D0-DB02780A3D50}"
EndProject
Project("{2150E333-8FDC-42A3-9474-1A3956D46DE8}") = "Gateways", "Gateways", "{F1D5173A-D866-48D1-9134-489FA8589E78}"
EndProject
Project("{9A19103F-16F7-4668-BE54-9A1E7A4F7556}") = "ApiGateway", "src\Gateways\ApiGateway\ApiGateway.csproj", "{F7372EE7-739A-4319-977A-FD7AB5695BBB}"
EndProject
Project("{2150E333-8FDC-42A3-9474-1A3956D46DE8}") = "Services", "Services", "{39DB40BF-FFFD-4ED8-83F3-894B378EB1FB}"
EndProject
Project("{9A19103F-16F7-4668-BE54-9A1E7A4F7556}") = "AuthService_API", "src\Services\AuthService\AuthService_API\AuthService_API.csproj", "{60CE66F7-19A2-4560-ACD5-320963A084DE}"
EndProject
Project("{9A19103F-16F7-4668-BE54-9A1E7A4F7556}") = "BookingService_API", "src\Services\BookingService\BookingService_API\BookingService_API.csproj", "{E0412B03-6AB7-4644-80A9-F9D8F7067A94}"
EndProject
Project("{9A19103F-16F7-4668-BE54-9A1E7A4F7556}") = "BookingService_Application", "src\Services\BookingService\BookingService_Application\BookingService_Application.csproj", "{76B0BF2D-90B4-49A5-9C95-10A56CF89313}"
EndProject
Project("{9A19103F-16F7-4668-BE54-9A1E7A4F7556}") = "BookingService_Domain", "src\Services\BookingService\BookingService_Domain\BookingService_Domain.csproj", "{AFC897F8-A9F9-4AB9-8045-9CD30C2781EB}"
EndProject
Project("{9A19103F-16F7-4668-BE54-9A1E7A4F7556}") = "BookingService_Infraestructure", "src\Services\BookingService\BookingService_Infra\BookingService_Infraestructure.csproj", "{35D0C6C4-B4A6-437F-BB21-4210212125B7}"
EndProject
Project("{9A19103F-16F7-4668-BE54-9A1E7A4F7556}") = "ResourceService_API", "src\Services\ResourceService\ResourceService_API\ResourceService_API.csproj", "{F1945172-1AD7-4E92-9FED-3D25FEF3FFD8}"
EndProject
Project("{9A19103F-16F7-4668-BE54-9A1E7A4F7556}") = "ResourceService_Application", "src\Services\ResourceService\ResourceService_Application\ResourceService_Application.csproj", "{F4633F40-E639-46E2-BB3F-EA76EC434778}"
EndProject
Project("{9A19103F-16F7-4668-BE54-9A1E7A4F7556}") = "ResourceService_Domain", "src\Services\ResourceService\ResourceService_Domain\ResourceService_Domain.csproj", "{F00B241F-29BA-4252-BEEA-913BEAA7FEE2}"
EndProject
Project("{9A19103F-16F7-4668-BE54-9A1E7A4F7556}") = "ResourceService_Infraestructure", "src\Services\ResourceService\ResourceService_Infraestructure\ResourceService_Infraestructure.csproj", "{98E7E829-A52D-4839-8524-2A9836525031}"
EndProject
Project("{9A19103F-16F7-4668-BE54-9A1E7A4F7556}") = "UserService_API", "src\Services\UserService\UserService_API\UserService_API.csproj", "{D26D970F-1493-4D04-A3A1-DBA827C7BD50}"
EndProject
Project("{9A19103F-16F7-4668-BE54-9A1E7A4F7556}") = "UserService_Application", "src\Services\UserService\UserService_Application\UserService_Application.csproj", "{483E03F7-966D-41A5-8694-207D616CEE75}"
EndProject
Project("{9A19103F-16F7-4668-BE54-9A1E7A4F7556}") = "UserService_Domain", "src\Services\UserService\UserService_Domain\UserService_Domain.csproj", "{03408985-79F2-4ADD-931E-04B106AC1397}"
EndProject
Project("{9A19103F-16F7-4668-BE54-9A1E7A4F7556}") = "UserService_Infraestructure", "src\Services\UserService\UserService_Infraestructure\UserService_Infraestructure.csproj", "{C737B48B-2061-4C3E-8106-96F435C961AE}"
EndProject
Project("{9A19103F-16F7-4668-BE54-9A1E7A4F7556}") = "Shared", "src\libs\Shared\Shared.csproj", "{86BA2D7F-FF9A-4195-992A-9942752F62BF}"
EndProject
Project("{2150E333-8FDC-42A3-9474-1A3956D46DE8}") = "tests", "tests", "{82A73D11-F09B-4A2E-B697-892FAA379867}"
EndProject
Project("{2150E333-8FDC-42A3-9474-1A3956D46DE8}") = "Unit", "Unit", "{6410130F-2386-4983-8898-688F62708BA3}"
EndProject
Project("{9A19103F-16F7-4668-BE54-9A1E7A4F7556}") = "UserService.UnitTests", "tests\Unit\UserService.UnitTests\UserService.UnitTests.csproj", "{BC3DF967-267D-4DCD-A638-3A00990F868F}"
EndProject
Project("{9A19103F-16F7-4668-BE54-9A1E7A4F7556}") = "ResourceService.UnitTests", "tests\Unit\ResourceService.UnitTests\ResourceService.UnitTests.csproj", "{166861BD-0883-4F1A-910E-062D562F7B77}"
EndProject
Project("{9A19103F-16F7-4668-BE54-9A1E7A4F7556}") = "BookingService.UnitTests", "tests\Unit\BookingService.UnitTests\BookingService.UnitTests.csproj", "{630DFE42-7522-49B8-95AA-96A5BAE8E4EF}"
EndProject
Project("{2150E333-8FDC-42A3-9474-1A3956D46DE8}") = "Integration", "Integration", "{044BA124-1907-4B1F-BE80-78B12788B8F4}"
EndProject
Project("{9A19103F-16F7-4668-BE54-9A1E7A4F7556}") = "UserService.IntegrationTests", "tests\Integration\UserService.IntegrationTests\UserService.IntegrationTests.csproj", "{0E98C532-EE9C-4DBB-AAC1-2BFDD890C770}"
EndProject
Project("{9A19103F-16F7-4668-BE54-9A1E7A4F7556}") = "ResourceService.IntegrationTests", "tests\Integration\ResourceService.IntegrationTests\ResourceService.IntegrationTests.csproj", "{9CF267AE-41CB-4CB6-A18C-09C9831D3299}"
EndProject
Project("{9A19103F-16F7-4668-BE54-9A1E7A4F7556}") = "BookingService.IntegrationTests", "tests\Integration\BookingService.IntegrationTests\BookingService.IntegrationTests.csproj", "{15415503-ECBE-4418-A239-17CAD133F85A}"
EndProject
Project("{9A19103F-16F7-4668-BE54-9A1E7A4F7556}") = "AuthService.IntegrationTests", "tests\Integration\AuthService.IntegrationTests\AuthService.IntegrationTests.csproj", "{BE6C275C-0D81-42BF-A6B6-0A4EE368707E}"
EndProject
Project("{9A19103F-16F7-4668-BE54-9A1E7A4F7556}") = "Communication.Http", "src\libs\Http\Communication.Http.csproj", "{3E591434-26EA-4E36-8BD4-F77EC5908637}"
EndProject
Project("{9A19103F-16F7-4668-BE54-9A1E7A4F7556}") = "Communication.MessageBus", "src\libs\MessageBus\Communication.MessageBus.csproj", "{184FCFA9-6BA2-49AB-A414-0A8846529754}"
EndProject
Global
	GlobalSection(SolutionConfigurationPlatforms) = preSolution
		Debug|Any CPU = Debug|Any CPU
		Release|Any CPU = Release|Any CPU
	EndGlobalSection
	GlobalSection(ProjectConfigurationPlatforms) = postSolution
		{F7372EE7-739A-4319-977A-FD7AB5695BBB}.Debug|Any CPU.ActiveCfg = Debug|Any CPU
		{F7372EE7-739A-4319-977A-FD7AB5695BBB}.Debug|Any CPU.Build.0 = Debug|Any CPU
		{F7372EE7-739A-4319-977A-FD7AB5695BBB}.Release|Any CPU.ActiveCfg = Release|Any CPU
		{F7372EE7-739A-4319-977A-FD7AB5695BBB}.Release|Any CPU.Build.0 = Release|Any CPU
		{60CE66F7-19A2-4560-ACD5-320963A084DE}.Debug|Any CPU.ActiveCfg = Debug|Any CPU
		{60CE66F7-19A2-4560-ACD5-320963A084DE}.Debug|Any CPU.Build.0 = Debug|Any CPU
		{60CE66F7-19A2-4560-ACD5-320963A084DE}.Release|Any CPU.ActiveCfg = Release|Any CPU
		{60CE66F7-19A2-4560-ACD5-320963A084DE}.Release|Any CPU.Build.0 = Release|Any CPU
		{E0412B03-6AB7-4644-80A9-F9D8F7067A94}.Debug|Any CPU.ActiveCfg = Debug|Any CPU
		{E0412B03-6AB7-4644-80A9-F9D8F7067A94}.Debug|Any CPU.Build.0 = Debug|Any CPU
		{E0412B03-6AB7-4644-80A9-F9D8F7067A94}.Release|Any CPU.ActiveCfg = Release|Any CPU
		{E0412B03-6AB7-4644-80A9-F9D8F7067A94}.Release|Any CPU.Build.0 = Release|Any CPU
		{76B0BF2D-90B4-49A5-9C95-10A56CF89313}.Debug|Any CPU.ActiveCfg = Debug|Any CPU
		{76B0BF2D-90B4-49A5-9C95-10A56CF89313}.Debug|Any CPU.Build.0 = Debug|Any CPU
		{76B0BF2D-90B4-49A5-9C95-10A56CF89313}.Release|Any CPU.ActiveCfg = Release|Any CPU
		{76B0BF2D-90B4-49A5-9C95-10A56CF89313}.Release|Any CPU.Build.0 = Release|Any CPU
		{AFC897F8-A9F9-4AB9-8045-9CD30C2781EB}.Debug|Any CPU.ActiveCfg = Debug|Any CPU
		{AFC897F8-A9F9-4AB9-8045-9CD30C2781EB}.Debug|Any CPU.Build.0 = Debug|Any CPU
		{AFC897F8-A9F9-4AB9-8045-9CD30C2781EB}.Release|Any CPU.ActiveCfg = Release|Any CPU
		{AFC897F8-A9F9-4AB9-8045-9CD30C2781EB}.Release|Any CPU.Build.0 = Release|Any CPU
		{35D0C6C4-B4A6-437F-BB21-4210212125B7}.Debug|Any CPU.ActiveCfg = Debug|Any CPU
		{35D0C6C4-B4A6-437F-BB21-4210212125B7}.Debug|Any CPU.Build.0 = Debug|Any CPU
		{35D0C6C4-B4A6-437F-BB21-4210212125B7}.Release|Any CPU.ActiveCfg = Release|Any CPU
		{35D0C6C4-B4A6-437F-BB21-4210212125B7}.Release|Any CPU.Build.0 = Release|Any CPU
		{F1945172-1AD7-4E92-9FED-3D25FEF3FFD8}.Debug|Any CPU.ActiveCfg = Debug|Any CPU
		{F1945172-1AD7-4E92-9FED-3D25FEF3FFD8}.Debug|Any CPU.Build.0 = Debug|Any CPU
		{F1945172-1AD7-4E92-9FED-3D25FEF3FFD8}.Release|Any CPU.ActiveCfg = Release|Any CPU
		{F1945172-1AD7-4E92-9FED-3D25FEF3FFD8}.Release|Any CPU.Build.0 = Release|Any CPU
		{F4633F40-E639-46E2-BB3F-EA76EC434778}.Debug|Any CPU.ActiveCfg = Debug|Any CPU
		{F4633F40-E639-46E2-BB3F-EA76EC434778}.Debug|Any CPU.Build.0 = Debug|Any CPU
		{F4633F40-E639-46E2-BB3F-EA76EC434778}.Release|Any CPU.ActiveCfg = Release|Any CPU
		{F4633F40-E639-46E2-BB3F-EA76EC434778}.Release|Any CPU.Build.0 = Release|Any CPU
		{F00B241F-29BA-4252-BEEA-913BEAA7FEE2}.Debug|Any CPU.ActiveCfg = Debug|Any CPU
		{F00B241F-29BA-4252-BEEA-913BEAA7FEE2}.Debug|Any CPU.Build.0 = Debug|Any CPU
		{F00B241F-29BA-4252-BEEA-913BEAA7FEE2}.Release|Any CPU.ActiveCfg = Release|Any CPU
		{F00B241F-29BA-4252-BEEA-913BEAA7FEE2}.Release|Any CPU.Build.0 = Release|Any CPU
		{98E7E829-A52D-4839-8524-2A9836525031}.Debug|Any CPU.ActiveCfg = Debug|Any CPU
		{98E7E829-A52D-4839-8524-2A9836525031}.Debug|Any CPU.Build.0 = Debug|Any CPU
		{98E7E829-A52D-4839-8524-2A9836525031}.Release|Any CPU.ActiveCfg = Release|Any CPU
		{98E7E829-A52D-4839-8524-2A9836525031}.Release|Any CPU.Build.0 = Release|Any CPU
		{D26D970F-1493-4D04-A3A1-DBA827C7BD50}.Debug|Any CPU.ActiveCfg = Debug|Any CPU
		{D26D970F-1493-4D04-A3A1-DBA827C7BD50}.Debug|Any CPU.Build.0 = Debug|Any CPU
		{D26D970F-1493-4D04-A3A1-DBA827C7BD50}.Release|Any CPU.ActiveCfg = Release|Any CPU
		{D26D970F-1493-4D04-A3A1-DBA827C7BD50}.Release|Any CPU.Build.0 = Release|Any CPU
		{483E03F7-966D-41A5-8694-207D616CEE75}.Debug|Any CPU.ActiveCfg = Debug|Any CPU
		{483E03F7-966D-41A5-8694-207D616CEE75}.Debug|Any CPU.Build.0 = Debug|Any CPU
		{483E03F7-966D-41A5-8694-207D616CEE75}.Release|Any CPU.ActiveCfg = Release|Any CPU
		{483E03F7-966D-41A5-8694-207D616CEE75}.Release|Any CPU.Build.0 = Release|Any CPU
		{03408985-79F2-4ADD-931E-04B106AC1397}.Debug|Any CPU.ActiveCfg = Debug|Any CPU
		{03408985-79F2-4ADD-931E-04B106AC1397}.Debug|Any CPU.Build.0 = Debug|Any CPU
		{03408985-79F2-4ADD-931E-04B106AC1397}.Release|Any CPU.ActiveCfg = Release|Any CPU
		{03408985-79F2-4ADD-931E-04B106AC1397}.Release|Any CPU.Build.0 = Release|Any CPU
		{C737B48B-2061-4C3E-8106-96F435C961AE}.Debug|Any CPU.ActiveCfg = Debug|Any CPU
		{C737B48B-2061-4C3E-8106-96F435C961AE}.Debug|Any CPU.Build.0 = Debug|Any CPU
		{C737B48B-2061-4C3E-8106-96F435C961AE}.Release|Any CPU.ActiveCfg = Release|Any CPU
		{C737B48B-2061-4C3E-8106-96F435C961AE}.Release|Any CPU.Build.0 = Release|Any CPU
		{86BA2D7F-FF9A-4195-992A-9942752F62BF}.Debug|Any CPU.ActiveCfg = Debug|Any CPU
		{86BA2D7F-FF9A-4195-992A-9942752F62BF}.Debug|Any CPU.Build.0 = Debug|Any CPU
		{86BA2D7F-FF9A-4195-992A-9942752F62BF}.Release|Any CPU.ActiveCfg = Release|Any CPU
		{86BA2D7F-FF9A-4195-992A-9942752F62BF}.Release|Any CPU.Build.0 = Release|Any CPU
		{BC3DF967-267D-4DCD-A638-3A00990F868F}.Debug|Any CPU.ActiveCfg = Debug|Any CPU
		{BC3DF967-267D-4DCD-A638-3A00990F868F}.Debug|Any CPU.Build.0 = Debug|Any CPU
		{BC3DF967-267D-4DCD-A638-3A00990F868F}.Release|Any CPU.ActiveCfg = Release|Any CPU
		{BC3DF967-267D-4DCD-A638-3A00990F868F}.Release|Any CPU.Build.0 = Release|Any CPU
		{166861BD-0883-4F1A-910E-062D562F7B77}.Debug|Any CPU.ActiveCfg = Debug|Any CPU
		{166861BD-0883-4F1A-910E-062D562F7B77}.Debug|Any CPU.Build.0 = Debug|Any CPU
		{166861BD-0883-4F1A-910E-062D562F7B77}.Release|Any CPU.ActiveCfg = Release|Any CPU
		{166861BD-0883-4F1A-910E-062D562F7B77}.Release|Any CPU.Build.0 = Release|Any CPU
		{630DFE42-7522-49B8-95AA-96A5BAE8E4EF}.Debug|Any CPU.ActiveCfg = Debug|Any CPU
		{630DFE42-7522-49B8-95AA-96A5BAE8E4EF}.Debug|Any CPU.Build.0 = Debug|Any CPU
		{630DFE42-7522-49B8-95AA-96A5BAE8E4EF}.Release|Any CPU.ActiveCfg = Release|Any CPU
		{630DFE42-7522-49B8-95AA-96A5BAE8E4EF}.Release|Any CPU.Build.0 = Release|Any CPU
		{0E98C532-EE9C-4DBB-AAC1-2BFDD890C770}.Debug|Any CPU.ActiveCfg = Debug|Any CPU
		{0E98C532-EE9C-4DBB-AAC1-2BFDD890C770}.Debug|Any CPU.Build.0 = Debug|Any CPU
		{0E98C532-EE9C-4DBB-AAC1-2BFDD890C770}.Release|Any CPU.ActiveCfg = Release|Any CPU
		{0E98C532-EE9C-4DBB-AAC1-2BFDD890C770}.Release|Any CPU.Build.0 = Release|Any CPU
		{9CF267AE-41CB-4CB6-A18C-09C9831D3299}.Debug|Any CPU.ActiveCfg = Debug|Any CPU
		{9CF267AE-41CB-4CB6-A18C-09C9831D3299}.Debug|Any CPU.Build.0 = Debug|Any CPU
		{9CF267AE-41CB-4CB6-A18C-09C9831D3299}.Release|Any CPU.ActiveCfg = Release|Any CPU
		{9CF267AE-41CB-4CB6-A18C-09C9831D3299}.Release|Any CPU.Build.0 = Release|Any CPU
		{15415503-ECBE-4418-A239-17CAD133F85A}.Debug|Any CPU.ActiveCfg = Debug|Any CPU
		{15415503-ECBE-4418-A239-17CAD133F85A}.Debug|Any CPU.Build.0 = Debug|Any CPU
		{15415503-ECBE-4418-A239-17CAD133F85A}.Release|Any CPU.ActiveCfg = Release|Any CPU
		{15415503-ECBE-4418-A239-17CAD133F85A}.Release|Any CPU.Build.0 = Release|Any CPU
		{BE6C275C-0D81-42BF-A6B6-0A4EE368707E}.Debug|Any CPU.ActiveCfg = Debug|Any CPU
		{BE6C275C-0D81-42BF-A6B6-0A4EE368707E}.Debug|Any CPU.Build.0 = Debug|Any CPU
		{BE6C275C-0D81-42BF-A6B6-0A4EE368707E}.Release|Any CPU.ActiveCfg = Release|Any CPU
		{BE6C275C-0D81-42BF-A6B6-0A4EE368707E}.Release|Any CPU.Build.0 = Release|Any CPU
		{3E591434-26EA-4E36-8BD4-F77EC5908637}.Debug|Any CPU.ActiveCfg = Debug|Any CPU
		{3E591434-26EA-4E36-8BD4-F77EC5908637}.Debug|Any CPU.Build.0 = Debug|Any CPU
		{3E591434-26EA-4E36-8BD4-F77EC5908637}.Release|Any CPU.ActiveCfg = Release|Any CPU
		{3E591434-26EA-4E36-8BD4-F77EC5908637}.Release|Any CPU.Build.0 = Release|Any CPU
		{184FCFA9-6BA2-49AB-A414-0A8846529754}.Debug|Any CPU.ActiveCfg = Debug|Any CPU
		{184FCFA9-6BA2-49AB-A414-0A8846529754}.Debug|Any CPU.Build.0 = Debug|Any CPU
		{184FCFA9-6BA2-49AB-A414-0A8846529754}.Release|Any CPU.ActiveCfg = Release|Any CPU
		{184FCFA9-6BA2-49AB-A414-0A8846529754}.Release|Any CPU.Build.0 = Release|Any CPU
	EndGlobalSection
	GlobalSection(SolutionProperties) = preSolution
		HideSolutionNode = FALSE
	EndGlobalSection
	GlobalSection(NestedProjects) = preSolution
		{39CA6090-0726-414B-B456-96AF2E5E1511} = {39DB40BF-FFFD-4ED8-83F3-894B378EB1FB}
		{3BE82585-C2FF-4581-AA0B-A6FBED2E34D9} = {39DB40BF-FFFD-4ED8-83F3-894B378EB1FB}
		{2D3CC4B6-95F1-4132-B541-2D1289139FF1} = {39DB40BF-FFFD-4ED8-83F3-894B378EB1FB}
		{1766559F-81E3-4C7C-A42C-1ED46C006320} = {A82A2D05-838B-4D28-9A0B-1C9231FB29F4}
		{E97EC092-CFFC-415F-90D0-DB02780A3D50} = {39DB40BF-FFFD-4ED8-83F3-894B378EB1FB}
		{F1D5173A-D866-48D1-9134-489FA8589E78} = {A82A2D05-838B-4D28-9A0B-1C9231FB29F4}
		{F7372EE7-739A-4319-977A-FD7AB5695BBB} = {F1D5173A-D866-48D1-9134-489FA8589E78}
		{39DB40BF-FFFD-4ED8-83F3-894B378EB1FB} = {A82A2D05-838B-4D28-9A0B-1C9231FB29F4}
		{60CE66F7-19A2-4560-ACD5-320963A084DE} = {E97EC092-CFFC-415F-90D0-DB02780A3D50}
		{E0412B03-6AB7-4644-80A9-F9D8F7067A94} = {39CA6090-0726-414B-B456-96AF2E5E1511}
		{76B0BF2D-90B4-49A5-9C95-10A56CF89313} = {39CA6090-0726-414B-B456-96AF2E5E1511}
		{AFC897F8-A9F9-4AB9-8045-9CD30C2781EB} = {39CA6090-0726-414B-B456-96AF2E5E1511}
		{35D0C6C4-B4A6-437F-BB21-4210212125B7} = {39CA6090-0726-414B-B456-96AF2E5E1511}
		{F1945172-1AD7-4E92-9FED-3D25FEF3FFD8} = {2D3CC4B6-95F1-4132-B541-2D1289139FF1}
		{F4633F40-E639-46E2-BB3F-EA76EC434778} = {2D3CC4B6-95F1-4132-B541-2D1289139FF1}
		{F00B241F-29BA-4252-BEEA-913BEAA7FEE2} = {2D3CC4B6-95F1-4132-B541-2D1289139FF1}
		{98E7E829-A52D-4839-8524-2A9836525031} = {2D3CC4B6-95F1-4132-B541-2D1289139FF1}
		{D26D970F-1493-4D04-A3A1-DBA827C7BD50} = {3BE82585-C2FF-4581-AA0B-A6FBED2E34D9}
		{483E03F7-966D-41A5-8694-207D616CEE75} = {3BE82585-C2FF-4581-AA0B-A6FBED2E34D9}
		{03408985-79F2-4ADD-931E-04B106AC1397} = {3BE82585-C2FF-4581-AA0B-A6FBED2E34D9}
		{C737B48B-2061-4C3E-8106-96F435C961AE} = {3BE82585-C2FF-4581-AA0B-A6FBED2E34D9}
		{86BA2D7F-FF9A-4195-992A-9942752F62BF} = {1766559F-81E3-4C7C-A42C-1ED46C006320}
		{6410130F-2386-4983-8898-688F62708BA3} = {82A73D11-F09B-4A2E-B697-892FAA379867}
		{BC3DF967-267D-4DCD-A638-3A00990F868F} = {6410130F-2386-4983-8898-688F62708BA3}
		{166861BD-0883-4F1A-910E-062D562F7B77} = {6410130F-2386-4983-8898-688F62708BA3}
		{630DFE42-7522-49B8-95AA-96A5BAE8E4EF} = {6410130F-2386-4983-8898-688F62708BA3}
		{044BA124-1907-4B1F-BE80-78B12788B8F4} = {82A73D11-F09B-4A2E-B697-892FAA379867}
		{0E98C532-EE9C-4DBB-AAC1-2BFDD890C770} = {044BA124-1907-4B1F-BE80-78B12788B8F4}
		{9CF267AE-41CB-4CB6-A18C-09C9831D3299} = {044BA124-1907-4B1F-BE80-78B12788B8F4}
		{15415503-ECBE-4418-A239-17CAD133F85A} = {044BA124-1907-4B1F-BE80-78B12788B8F4}
		{BE6C275C-0D81-42BF-A6B6-0A4EE368707E} = {044BA124-1907-4B1F-BE80-78B12788B8F4}
		{3E591434-26EA-4E36-8BD4-F77EC5908637} = {1766559F-81E3-4C7C-A42C-1ED46C006320}
		{184FCFA9-6BA2-49AB-A414-0A8846529754} = {1766559F-81E3-4C7C-A42C-1ED46C006320}
	EndGlobalSection
	GlobalSection(ExtensibilityGlobals) = postSolution
		SolutionGuid = {1B8C296C-4506-4CEC-B5B0-02BE04FEA577}
	EndGlobalSection
EndGlobal
