Microsoft Visual Studio Solution File, Format Version 12.00
# Visual Studio Version 17
VisualStudioVersion = 17.5.2.0
MinimumVisualStudioVersion = 10.0.40219.1
Project("{2150E333-8FDC-42A3-9474-1A3956D46DE8}") = "Gateways", "Gateways", "{C3A202AD-EADD-4864-49DF-ED20E2971546}"
EndProject
Project("{2150E333-8FDC-42A3-9474-1A3956D46DE8}") = "libs", "libs", "{6C4D298B-81FB-2B6B-5AB6-46205EDDC72C}"
EndProject
Project("{2150E333-8FDC-42A3-9474-1A3956D46DE8}") = "Services", "Services", "{5854FF58-B8C5-05C6-5BF2-ACE42193F22B}"
EndProject
Project("{9A19103F-16F7-4668-BE54-9A1E7A4F7556}") = "ApiGateway", "Gateways\ApiGateway\ApiGateway.csproj", "{3287557C-0036-1DE0-BBA3-ABB345377108}"
EndProject
Project("{9A19103F-16F7-4668-BE54-9A1E7A4F7556}") = "Shared", "libs\Shared\Shared.csproj", "{48F737AA-6D2C-E8CC-DD45-B506501560F8}"
EndProject
Project("{2150E333-8FDC-42A3-9474-1A3956D46DE8}") = "AuthService", "AuthService", "{378295AF-C144-6721-7CFF-8DE6E58ED8C7}"
EndProject
Project("{9A19103F-16F7-4668-BE54-9A1E7A4F7556}") = "AuthService_API", "Services\AuthService\AuthService_API\AuthService_API.csproj", "{6415EEAE-084C-65AE-4B21-3FAE1A5DE97F}"
EndProject
Project("{2150E333-8FDC-42A3-9474-1A3956D46DE8}") = "BookingService", "BookingService", "{5CFE4BAC-9D17-26E1-1140-3D04F039A514}"
EndProject
Project("{9A19103F-16F7-4668-BE54-9A1E7A4F7556}") = "BookingService_API", "Services\BookingService\BookingService_API\BookingService_API.csproj", "{B72DD659-E4C4-3539-995F-8BBD5F312CCB}"
EndProject
Project("{9A19103F-16F7-4668-BE54-9A1E7A4F7556}") = "BookingService_Application", "Services\BookingService\BookingService_Application\BookingService_Application.csproj", "{0955111C-42CF-4B7B-BDF7-ED721C0CF8BC}"
EndProject
Project("{9A19103F-16F7-4668-BE54-9A1E7A4F7556}") = "BookingService_Domain", "Services\BookingService\BookingService_Domain\BookingService_Domain.csproj", "{5FC56D42-BC63-61D4-3C55-70EB5D449182}"
EndProject
Project("{9A19103F-16F7-4668-BE54-9A1E7A4F7556}") = "BookingService_Infraestructure", "Services\BookingService\BookingService_Infra\BookingService_Infraestructure.csproj", "{02905810-E433-8934-B8C6-E191CA3089B5}"
EndProject
Project("{2150E333-8FDC-42A3-9474-1A3956D46DE8}") = "ResourceService", "ResourceService", "{5789BFED-0C22-6BC7-4A68-41FB95720262}"
EndProject
Project("{9A19103F-16F7-4668-BE54-9A1E7A4F7556}") = "ResourceService_API", "Services\ResourceService\ResourceService_API\ResourceService_API.csproj", "{EC44AC83-9201-A9C0-390A-717C29B4858E}"
EndProject
Project("{9A19103F-16F7-4668-BE54-9A1E7A4F7556}") = "ResourceService_Application", "Services\ResourceService\ResourceService_Application\ResourceService_Application.csproj", "{6C1E5000-C385-CABC-7D87-95EFD28E33B3}"
EndProject
Project("{9A19103F-16F7-4668-BE54-9A1E7A4F7556}") = "ResourceService_Domain", "Services\ResourceService\ResourceService_Domain\ResourceService_Domain.csproj", "{761A073D-4185-86F5-198B-22AF466A7207}"
EndProject
Project("{9A19103F-16F7-4668-BE54-9A1E7A4F7556}") = "ResourceService_Infraestructure", "Services\ResourceService\ResourceService_Infraestructure\ResourceService_Infraestructure.csproj", "{8CD18242-E5F5-8C0B-41B8-E86EAB269EAD}"
EndProject
Project("{2150E333-8FDC-42A3-9474-1A3956D46DE8}") = "UserService", "UserService", "{BB9B0570-D764-F740-A1C1-3444BA1D5022}"
EndProject
Project("{9A19103F-16F7-4668-BE54-9A1E7A4F7556}") = "UserService_API", "Services\UserService\UserService_API\UserService_API.csproj", "{450993C4-1498-97E1-D81C-0A9D6DD01987}"
EndProject
Project("{9A19103F-16F7-4668-BE54-9A1E7A4F7556}") = "UserService_Application", "Services\UserService\UserService_Application\UserService_Application.csproj", "{5456B341-9435-077F-F70B-4173AB45EDDC}"
EndProject
Project("{9A19103F-16F7-4668-BE54-9A1E7A4F7556}") = "UserService_Domain", "Services\UserService\UserService_Domain\UserService_Domain.csproj", "{4EDB217C-594C-A1B8-8A25-FEB2FB9DD42B}"
EndProject
Project("{9A19103F-16F7-4668-BE54-9A1E7A4F7556}") = "UserService_Infraestructure", "Services\UserService\UserService_Infraestructure\UserService_Infraestructure.csproj", "{23C05290-9BBD-6A19-467D-26F3C34B8F23}"
EndProject
Project("{9A19103F-16F7-4668-BE54-9A1E7A4F7556}") = "Communication.Http", "Libs\Http\Communication.Http.csproj", "{1F6EE4A9-6A2C-43AF-8726-5EEB64A55547}"
EndProject
Project("{9A19103F-16F7-4668-BE54-9A1E7A4F7556}") = "Communication.MessageBus", "Libs\MessageBus\Communication.MessageBus.csproj", "{7C2B5469-672D-4AF0-A034-43224A5B1F15}"
EndProject
Project("{9A19103F-16F7-4668-BE54-9A1E7A4F7556}") = "AuthService.IntegrationTests", "..\tests\Integration\AuthService.IntegrationTests\AuthService.IntegrationTests.csproj", "{1F46FFAA-DEE2-4C9B-98D0-522B696AEBDA}"
EndProject
Project("{2150E333-8FDC-42A3-9474-1A3956D46DE8}") = "Tests", "Tests", "{55D00444-D8C8-4324-9284-B24F387010A8}"
EndProject
Project("{9A19103F-16F7-4668-BE54-9A1E7A4F7556}") = "BookingService.IntegrationTests", "..\tests\Integration\BookingService.IntegrationTests\BookingService.IntegrationTests.csproj", "{6F226C55-6444-47AA-91E0-322C50121F4B}"
EndProject
Project("{2150E333-8FDC-42A3-9474-1A3956D46DE8}") = "Integration", "Integration", "{02D748D7-F2C3-4620-B4AF-381CCCDC9DD0}"
EndProject
Project("{9A19103F-16F7-4668-BE54-9A1E7A4F7556}") = "ResourceService.IntegrationTests", "..\tests\Integration\ResourceService.IntegrationTests\ResourceService.IntegrationTests.csproj", "{438E67F1-B6CC-4107-832F-08505AC72712}"
EndProject
Project("{9A19103F-16F7-4668-BE54-9A1E7A4F7556}") = "UserService.IntegrationTests", "..\tests\Integration\UserService.IntegrationTests\UserService.IntegrationTests.csproj", "{BF42CE72-EA69-4305-8147-BE4C9AB1F5FC}"
EndProject
Project("{2150E333-8FDC-42A3-9474-1A3956D46DE8}") = "Unit", "Unit", "{7CF4C2DB-A8A3-4BE3-8C3C-E636EE83B620}"
EndProject
Project("{9A19103F-16F7-4668-BE54-9A1E7A4F7556}") = "BookingService.UnitTests", "..\tests\Unit\BookingService.UnitTests\BookingService.UnitTests.csproj", "{CCA6CE7B-7733-42CC-8AD9-662282BEFC31}"
EndProject
Project("{9A19103F-16F7-4668-BE54-9A1E7A4F7556}") = "ResourceService.UnitTests", "..\tests\Unit\ResourceService.UnitTests\ResourceService.UnitTests.csproj", "{C0024E04-F1A1-4B71-8AEC-3360968BE5A2}"
EndProject
Project("{9A19103F-16F7-4668-BE54-9A1E7A4F7556}") = "UserService.UnitTests", "..\tests\Unit\UserService.UnitTests\UserService.UnitTests.csproj", "{8684C9B9-8027-4EDC-8B18-672F2F423612}"
EndProject
Global
	GlobalSection(SolutionConfigurationPlatforms) = preSolution
		Debug|Any CPU = Debug|Any CPU
		Release|Any CPU = Release|Any CPU
	EndGlobalSection
	GlobalSection(ProjectConfigurationPlatforms) = postSolution
		{3287557C-0036-1DE0-BBA3-ABB345377108}.Debug|Any CPU.ActiveCfg = Debug|Any CPU
		{3287557C-0036-1DE0-BBA3-ABB345377108}.Debug|Any CPU.Build.0 = Debug|Any CPU
		{3287557C-0036-1DE0-BBA3-ABB345377108}.Release|Any CPU.ActiveCfg = Release|Any CPU
		{3287557C-0036-1DE0-BBA3-ABB345377108}.Release|Any CPU.Build.0 = Release|Any CPU
		{48F737AA-6D2C-E8CC-DD45-B506501560F8}.Debug|Any CPU.ActiveCfg = Debug|Any CPU
		{48F737AA-6D2C-E8CC-DD45-B506501560F8}.Debug|Any CPU.Build.0 = Debug|Any CPU
		{48F737AA-6D2C-E8CC-DD45-B506501560F8}.Release|Any CPU.ActiveCfg = Release|Any CPU
		{48F737AA-6D2C-E8CC-DD45-B506501560F8}.Release|Any CPU.Build.0 = Release|Any CPU
		{6415EEAE-084C-65AE-4B21-3FAE1A5DE97F}.Debug|Any CPU.ActiveCfg = Debug|Any CPU
		{6415EEAE-084C-65AE-4B21-3FAE1A5DE97F}.Debug|Any CPU.Build.0 = Debug|Any CPU
		{6415EEAE-084C-65AE-4B21-3FAE1A5DE97F}.Release|Any CPU.ActiveCfg = Release|Any CPU
		{6415EEAE-084C-65AE-4B21-3FAE1A5DE97F}.Release|Any CPU.Build.0 = Release|Any CPU
		{B72DD659-E4C4-3539-995F-8BBD5F312CCB}.Debug|Any CPU.ActiveCfg = Debug|Any CPU
		{B72DD659-E4C4-3539-995F-8BBD5F312CCB}.Debug|Any CPU.Build.0 = Debug|Any CPU
		{B72DD659-E4C4-3539-995F-8BBD5F312CCB}.Release|Any CPU.ActiveCfg = Release|Any CPU
		{B72DD659-E4C4-3539-995F-8BBD5F312CCB}.Release|Any CPU.Build.0 = Release|Any CPU
		{0955111C-42CF-4B7B-BDF7-ED721C0CF8BC}.Debug|Any CPU.ActiveCfg = Debug|Any CPU
		{0955111C-42CF-4B7B-BDF7-ED721C0CF8BC}.Debug|Any CPU.Build.0 = Debug|Any CPU
		{0955111C-42CF-4B7B-BDF7-ED721C0CF8BC}.Release|Any CPU.ActiveCfg = Release|Any CPU
		{0955111C-42CF-4B7B-BDF7-ED721C0CF8BC}.Release|Any CPU.Build.0 = Release|Any CPU
		{5FC56D42-BC63-61D4-3C55-70EB5D449182}.Debug|Any CPU.ActiveCfg = Debug|Any CPU
		{5FC56D42-BC63-61D4-3C55-70EB5D449182}.Debug|Any CPU.Build.0 = Debug|Any CPU
		{5FC56D42-BC63-61D4-3C55-70EB5D449182}.Release|Any CPU.ActiveCfg = Release|Any CPU
		{5FC56D42-BC63-61D4-3C55-70EB5D449182}.Release|Any CPU.Build.0 = Release|Any CPU
		{02905810-E433-8934-B8C6-E191CA3089B5}.Debug|Any CPU.ActiveCfg = Debug|Any CPU
		{02905810-E433-8934-B8C6-E191CA3089B5}.Debug|Any CPU.Build.0 = Debug|Any CPU
		{02905810-E433-8934-B8C6-E191CA3089B5}.Release|Any CPU.ActiveCfg = Release|Any CPU
		{02905810-E433-8934-B8C6-E191CA3089B5}.Release|Any CPU.Build.0 = Release|Any CPU
		{EC44AC83-9201-A9C0-390A-717C29B4858E}.Debug|Any CPU.ActiveCfg = Debug|Any CPU
		{EC44AC83-9201-A9C0-390A-717C29B4858E}.Debug|Any CPU.Build.0 = Debug|Any CPU
		{EC44AC83-9201-A9C0-390A-717C29B4858E}.Release|Any CPU.ActiveCfg = Release|Any CPU
		{EC44AC83-9201-A9C0-390A-717C29B4858E}.Release|Any CPU.Build.0 = Release|Any CPU
		{6C1E5000-C385-CABC-7D87-95EFD28E33B3}.Debug|Any CPU.ActiveCfg = Debug|Any CPU
		{6C1E5000-C385-CABC-7D87-95EFD28E33B3}.Debug|Any CPU.Build.0 = Debug|Any CPU
		{6C1E5000-C385-CABC-7D87-95EFD28E33B3}.Release|Any CPU.ActiveCfg = Release|Any CPU
		{6C1E5000-C385-CABC-7D87-95EFD28E33B3}.Release|Any CPU.Build.0 = Release|Any CPU
		{761A073D-4185-86F5-198B-22AF466A7207}.Debug|Any CPU.ActiveCfg = Debug|Any CPU
		{761A073D-4185-86F5-198B-22AF466A7207}.Debug|Any CPU.Build.0 = Debug|Any CPU
		{761A073D-4185-86F5-198B-22AF466A7207}.Release|Any CPU.ActiveCfg = Release|Any CPU
		{761A073D-4185-86F5-198B-22AF466A7207}.Release|Any CPU.Build.0 = Release|Any CPU
		{8CD18242-E5F5-8C0B-41B8-E86EAB269EAD}.Debug|Any CPU.ActiveCfg = Debug|Any CPU
		{8CD18242-E5F5-8C0B-41B8-E86EAB269EAD}.Debug|Any CPU.Build.0 = Debug|Any CPU
		{8CD18242-E5F5-8C0B-41B8-E86EAB269EAD}.Release|Any CPU.ActiveCfg = Release|Any CPU
		{8CD18242-E5F5-8C0B-41B8-E86EAB269EAD}.Release|Any CPU.Build.0 = Release|Any CPU
		{450993C4-1498-97E1-D81C-0A9D6DD01987}.Debug|Any CPU.ActiveCfg = Debug|Any CPU
		{450993C4-1498-97E1-D81C-0A9D6DD01987}.Debug|Any CPU.Build.0 = Debug|Any CPU
		{450993C4-1498-97E1-D81C-0A9D6DD01987}.Release|Any CPU.ActiveCfg = Release|Any CPU
		{450993C4-1498-97E1-D81C-0A9D6DD01987}.Release|Any CPU.Build.0 = Release|Any CPU
		{5456B341-9435-077F-F70B-4173AB45EDDC}.Debug|Any CPU.ActiveCfg = Debug|Any CPU
		{5456B341-9435-077F-F70B-4173AB45EDDC}.Debug|Any CPU.Build.0 = Debug|Any CPU
		{5456B341-9435-077F-F70B-4173AB45EDDC}.Release|Any CPU.ActiveCfg = Release|Any CPU
		{5456B341-9435-077F-F70B-4173AB45EDDC}.Release|Any CPU.Build.0 = Release|Any CPU
		{4EDB217C-594C-A1B8-8A25-FEB2FB9DD42B}.Debug|Any CPU.ActiveCfg = Debug|Any CPU
		{4EDB217C-594C-A1B8-8A25-FEB2FB9DD42B}.Debug|Any CPU.Build.0 = Debug|Any CPU
		{4EDB217C-594C-A1B8-8A25-FEB2FB9DD42B}.Release|Any CPU.ActiveCfg = Release|Any CPU
		{4EDB217C-594C-A1B8-8A25-FEB2FB9DD42B}.Release|Any CPU.Build.0 = Release|Any CPU
		{23C05290-9BBD-6A19-467D-26F3C34B8F23}.Debug|Any CPU.ActiveCfg = Debug|Any CPU
		{23C05290-9BBD-6A19-467D-26F3C34B8F23}.Debug|Any CPU.Build.0 = Debug|Any CPU
		{23C05290-9BBD-6A19-467D-26F3C34B8F23}.Release|Any CPU.ActiveCfg = Release|Any CPU
		{23C05290-9BBD-6A19-467D-26F3C34B8F23}.Release|Any CPU.Build.0 = Release|Any CPU
		{1F6EE4A9-6A2C-43AF-8726-5EEB64A55547}.Debug|Any CPU.ActiveCfg = Debug|Any CPU
		{1F6EE4A9-6A2C-43AF-8726-5EEB64A55547}.Debug|Any CPU.Build.0 = Debug|Any CPU
		{1F6EE4A9-6A2C-43AF-8726-5EEB64A55547}.Release|Any CPU.ActiveCfg = Release|Any CPU
		{1F6EE4A9-6A2C-43AF-8726-5EEB64A55547}.Release|Any CPU.Build.0 = Release|Any CPU
		{7C2B5469-672D-4AF0-A034-43224A5B1F15}.Debug|Any CPU.ActiveCfg = Debug|Any CPU
		{7C2B5469-672D-4AF0-A034-43224A5B1F15}.Debug|Any CPU.Build.0 = Debug|Any CPU
		{7C2B5469-672D-4AF0-A034-43224A5B1F15}.Release|Any CPU.ActiveCfg = Release|Any CPU
		{7C2B5469-672D-4AF0-A034-43224A5B1F15}.Release|Any CPU.Build.0 = Release|Any CPU
		{1F46FFAA-DEE2-4C9B-98D0-522B696AEBDA}.Debug|Any CPU.ActiveCfg = Debug|Any CPU
		{1F46FFAA-DEE2-4C9B-98D0-522B696AEBDA}.Debug|Any CPU.Build.0 = Debug|Any CPU
		{1F46FFAA-DEE2-4C9B-98D0-522B696AEBDA}.Release|Any CPU.ActiveCfg = Release|Any CPU
		{1F46FFAA-DEE2-4C9B-98D0-522B696AEBDA}.Release|Any CPU.Build.0 = Release|Any CPU
		{6F226C55-6444-47AA-91E0-322C50121F4B}.Debug|Any CPU.ActiveCfg = Debug|Any CPU
		{6F226C55-6444-47AA-91E0-322C50121F4B}.Debug|Any CPU.Build.0 = Debug|Any CPU
		{6F226C55-6444-47AA-91E0-322C50121F4B}.Release|Any CPU.ActiveCfg = Release|Any CPU
		{6F226C55-6444-47AA-91E0-322C50121F4B}.Release|Any CPU.Build.0 = Release|Any CPU
		{438E67F1-B6CC-4107-832F-08505AC72712}.Debug|Any CPU.ActiveCfg = Debug|Any CPU
		{438E67F1-B6CC-4107-832F-08505AC72712}.Debug|Any CPU.Build.0 = Debug|Any CPU
		{438E67F1-B6CC-4107-832F-08505AC72712}.Release|Any CPU.ActiveCfg = Release|Any CPU
		{438E67F1-B6CC-4107-832F-08505AC72712}.Release|Any CPU.Build.0 = Release|Any CPU
		{BF42CE72-EA69-4305-8147-BE4C9AB1F5FC}.Debug|Any CPU.ActiveCfg = Debug|Any CPU
		{BF42CE72-EA69-4305-8147-BE4C9AB1F5FC}.Debug|Any CPU.Build.0 = Debug|Any CPU
		{BF42CE72-EA69-4305-8147-BE4C9AB1F5FC}.Release|Any CPU.ActiveCfg = Release|Any CPU
		{BF42CE72-EA69-4305-8147-BE4C9AB1F5FC}.Release|Any CPU.Build.0 = Release|Any CPU
		{CCA6CE7B-7733-42CC-8AD9-662282BEFC31}.Debug|Any CPU.ActiveCfg = Debug|Any CPU
		{CCA6CE7B-7733-42CC-8AD9-662282BEFC31}.Debug|Any CPU.Build.0 = Debug|Any CPU
		{CCA6CE7B-7733-42CC-8AD9-662282BEFC31}.Release|Any CPU.ActiveCfg = Release|Any CPU
		{CCA6CE7B-7733-42CC-8AD9-662282BEFC31}.Release|Any CPU.Build.0 = Release|Any CPU
		{C0024E04-F1A1-4B71-8AEC-3360968BE5A2}.Debug|Any CPU.ActiveCfg = Debug|Any CPU
		{C0024E04-F1A1-4B71-8AEC-3360968BE5A2}.Debug|Any CPU.Build.0 = Debug|Any CPU
		{C0024E04-F1A1-4B71-8AEC-3360968BE5A2}.Release|Any CPU.ActiveCfg = Release|Any CPU
		{C0024E04-F1A1-4B71-8AEC-3360968BE5A2}.Release|Any CPU.Build.0 = Release|Any CPU
		{8684C9B9-8027-4EDC-8B18-672F2F423612}.Debug|Any CPU.ActiveCfg = Debug|Any CPU
		{8684C9B9-8027-4EDC-8B18-672F2F423612}.Debug|Any CPU.Build.0 = Debug|Any CPU
		{8684C9B9-8027-4EDC-8B18-672F2F423612}.Release|Any CPU.ActiveCfg = Release|Any CPU
		{8684C9B9-8027-4EDC-8B18-672F2F423612}.Release|Any CPU.Build.0 = Release|Any CPU
	EndGlobalSection
	GlobalSection(SolutionProperties) = preSolution
		HideSolutionNode = FALSE
	EndGlobalSection
	GlobalSection(NestedProjects) = preSolution
		{3287557C-0036-1DE0-BBA3-ABB345377108} = {C3A202AD-EADD-4864-49DF-ED20E2971546}
		{48F737AA-6D2C-E8CC-DD45-B506501560F8} = {6C4D298B-81FB-2B6B-5AB6-46205EDDC72C}
		{378295AF-C144-6721-7CFF-8DE6E58ED8C7} = {5854FF58-B8C5-05C6-5BF2-ACE42193F22B}
		{6415EEAE-084C-65AE-4B21-3FAE1A5DE97F} = {378295AF-C144-6721-7CFF-8DE6E58ED8C7}
		{5CFE4BAC-9D17-26E1-1140-3D04F039A514} = {5854FF58-B8C5-05C6-5BF2-ACE42193F22B}
		{B72DD659-E4C4-3539-995F-8BBD5F312CCB} = {5CFE4BAC-9D17-26E1-1140-3D04F039A514}
		{0955111C-42CF-4B7B-BDF7-ED721C0CF8BC} = {5CFE4BAC-9D17-26E1-1140-3D04F039A514}
		{5FC56D42-BC63-61D4-3C55-70EB5D449182} = {5CFE4BAC-9D17-26E1-1140-3D04F039A514}
		{02905810-E433-8934-B8C6-E191CA3089B5} = {5CFE4BAC-9D17-26E1-1140-3D04F039A514}
		{5789BFED-0C22-6BC7-4A68-41FB95720262} = {5854FF58-B8C5-05C6-5BF2-ACE42193F22B}
		{EC44AC83-9201-A9C0-390A-717C29B4858E} = {5789BFED-0C22-6BC7-4A68-41FB95720262}
		{6C1E5000-C385-CABC-7D87-95EFD28E33B3} = {5789BFED-0C22-6BC7-4A68-41FB95720262}
		{761A073D-4185-86F5-198B-22AF466A7207} = {5789BFED-0C22-6BC7-4A68-41FB95720262}
		{8CD18242-E5F5-8C0B-41B8-E86EAB269EAD} = {5789BFED-0C22-6BC7-4A68-41FB95720262}
		{BB9B0570-D764-F740-A1C1-3444BA1D5022} = {5854FF58-B8C5-05C6-5BF2-ACE42193F22B}
		{450993C4-1498-97E1-D81C-0A9D6DD01987} = {BB9B0570-D764-F740-A1C1-3444BA1D5022}
		{5456B341-9435-077F-F70B-4173AB45EDDC} = {BB9B0570-D764-F740-A1C1-3444BA1D5022}
		{4EDB217C-594C-A1B8-8A25-FEB2FB9DD42B} = {BB9B0570-D764-F740-A1C1-3444BA1D5022}
		{23C05290-9BBD-6A19-467D-26F3C34B8F23} = {BB9B0570-D764-F740-A1C1-3444BA1D5022}
		{1F6EE4A9-6A2C-43AF-8726-5EEB64A55547} = {6C4D298B-81FB-2B6B-5AB6-46205EDDC72C}
		{7C2B5469-672D-4AF0-A034-43224A5B1F15} = {6C4D298B-81FB-2B6B-5AB6-46205EDDC72C}
		{1F46FFAA-DEE2-4C9B-98D0-522B696AEBDA} = {02D748D7-F2C3-4620-B4AF-381CCCDC9DD0}
		{6F226C55-6444-47AA-91E0-322C50121F4B} = {02D748D7-F2C3-4620-B4AF-381CCCDC9DD0}
		{02D748D7-F2C3-4620-B4AF-381CCCDC9DD0} = {55D00444-D8C8-4324-9284-B24F387010A8}
		{438E67F1-B6CC-4107-832F-08505AC72712} = {02D748D7-F2C3-4620-B4AF-381CCCDC9DD0}
		{BF42CE72-EA69-4305-8147-BE4C9AB1F5FC} = {02D748D7-F2C3-4620-B4AF-381CCCDC9DD0}
		{7CF4C2DB-A8A3-4BE3-8C3C-E636EE83B620} = {55D00444-D8C8-4324-9284-B24F387010A8}
		{CCA6CE7B-7733-42CC-8AD9-662282BEFC31} = {7CF4C2DB-A8A3-4BE3-8C3C-E636EE83B620}
		{C0024E04-F1A1-4B71-8AEC-3360968BE5A2} = {7CF4C2DB-A8A3-4BE3-8C3C-E636EE83B620}
		{8684C9B9-8027-4EDC-8B18-672F2F423612} = {7CF4C2DB-A8A3-4BE3-8C3C-E636EE83B620}
	EndGlobalSection
	GlobalSection(ExtensibilityGlobals) = postSolution
		SolutionGuid = {43492643-A3CE-4FA4-B76A-36208D76B630}
	EndGlobalSection
EndGlobal
